
Microsoft Visual Studio Solution File, Format Version 12.00
# Visual Studio Version 17
VisualStudioVersion = 17.8.34330.188
MinimumVisualStudioVersion = 10.0.40219.1
Project("{9A19103F-16F7-4668-BE54-9A1E7A4F7556}") = "süleyman", "süleyman.csproj", "{AB687E66-E0DE-4DA7-BAC2-713BD8C4C561}"
EndProject
Global
	GlobalSection(SolutionConfigurationPlatforms) = preSolution
		Debug|Any CPU = Debug|Any CPU
		Release|Any CPU = Release|Any CPU
	EndGlobalSection
	GlobalSection(ProjectConfigurationPlatforms) = postSolution
		{AB687E66-E0DE-4DA7-BAC2-713BD8C4C561}.Debug|Any CPU.ActiveCfg = Debug|Any CPU
		{AB687E66-E0DE-4DA7-BAC2-713BD8C4C561}.Debug|Any CPU.Build.0 = Debug|Any CPU
		{AB687E66-E0DE-4DA7-BAC2-713BD8C4C561}.Release|Any CPU.ActiveCfg = Release|Any CPU
		{AB687E66-E0DE-4DA7-BAC2-713BD8C4C561}.Release|Any CPU.Build.0 = Release|Any CPU
	EndGlobalSection
	GlobalSection(SolutionProperties) = preSolution
		HideSolutionNode = FALSE
	EndGlobalSection
	GlobalSection(ExtensibilityGlobals) = postSolution
		SolutionGuid = {152A343E-9257-4A5A-943E-8C23271B0841}
	EndGlobalSection
EndGlobal
